
Microsoft Visual Studio Solution File, Format Version 11.00
# Visual Studio 2010
Project("{FAE04EC0-301F-11D3-BF4B-00C04F79EFBC}") = "Assembly-CSharp", "Assembly-CSharp.csproj", "{AA57819C-F3E2-8462-DA3E-3761F636D1EB}"
EndProject
Global
	GlobalSection(SolutionConfigurationPlatforms) = preSolution
		Debug|Any CPU = Debug|Any CPU
		Release|Any CPU = Release|Any CPU
	EndGlobalSection
	GlobalSection(ProjectConfigurationPlatforms) = postSolution
		{AA57819C-F3E2-8462-DA3E-3761F636D1EB}.Debug|Any CPU.ActiveCfg = Debug|Any CPU
		{AA57819C-F3E2-8462-DA3E-3761F636D1EB}.Debug|Any CPU.Build.0 = Debug|Any CPU
		{AA57819C-F3E2-8462-DA3E-3761F636D1EB}.Release|Any CPU.ActiveCfg = Release|Any CPU
		{AA57819C-F3E2-8462-DA3E-3761F636D1EB}.Release|Any CPU.Build.0 = Release|Any CPU
	EndGlobalSection
	GlobalSection(SolutionProperties) = preSolution
		HideSolutionNode = FALSE
	EndGlobalSection
EndGlobal
